
Microsoft Visual Studio Solution File, Format Version 12.00
# Visual Studio 15
VisualStudioVersion = 15.0.28010.2036
MinimumVisualStudioVersion = 10.0.40219.1
Project("{FAE04EC0-301F-11D3-BF4B-00C04F79EFBC}") = "ZxingIntentIntegrator", "ZxingIntentIntegrator\ZxingIntentIntegrator.csproj", "{D18495E6-8563-4A36-B6F9-190AC33734A7}"
EndProject
Project("{FAE04EC0-301F-11D3-BF4B-00C04F79EFBC}") = "ZxingSample", "ZxingSample\ZxingSample.csproj", "{2EF9E1E5-4FF3-458F-A554-B2AB2884B303}"
EndProject
Global
	GlobalSection(SolutionConfigurationPlatforms) = preSolution
		Debug|Any CPU = Debug|Any CPU
		Release|Any CPU = Release|Any CPU
	EndGlobalSection
	GlobalSection(ProjectConfigurationPlatforms) = postSolution
		{D18495E6-8563-4A36-B6F9-190AC33734A7}.Debug|Any CPU.ActiveCfg = Debug|Any CPU
		{D18495E6-8563-4A36-B6F9-190AC33734A7}.Debug|Any CPU.Build.0 = Debug|Any CPU
		{D18495E6-8563-4A36-B6F9-190AC33734A7}.Release|Any CPU.ActiveCfg = Release|Any CPU
		{D18495E6-8563-4A36-B6F9-190AC33734A7}.Release|Any CPU.Build.0 = Release|Any CPU
		{2EF9E1E5-4FF3-458F-A554-B2AB2884B303}.Debug|Any CPU.ActiveCfg = Debug|Any CPU
		{2EF9E1E5-4FF3-458F-A554-B2AB2884B303}.Debug|Any CPU.Build.0 = Debug|Any CPU
		{2EF9E1E5-4FF3-458F-A554-B2AB2884B303}.Debug|Any CPU.Deploy.0 = Debug|Any CPU
		{2EF9E1E5-4FF3-458F-A554-B2AB2884B303}.Release|Any CPU.ActiveCfg = Release|Any CPU
		{2EF9E1E5-4FF3-458F-A554-B2AB2884B303}.Release|Any CPU.Build.0 = Release|Any CPU
		{2EF9E1E5-4FF3-458F-A554-B2AB2884B303}.Release|Any CPU.Deploy.0 = Release|Any CPU
	EndGlobalSection
	GlobalSection(SolutionProperties) = preSolution
		HideSolutionNode = FALSE
	EndGlobalSection
	GlobalSection(ExtensibilityGlobals) = postSolution
		SolutionGuid = {91CF7401-285E-4030-95FA-A963F2D42E4A}
	EndGlobalSection
EndGlobal
